
Microsoft Visual Studio Solution File, Format Version 12.00
# Visual Studio 2013
VisualStudioVersion = 12.0.31101.0
MinimumVisualStudioVersion = 10.0.40219.1
Project("{2150E333-8FDC-42A3-9474-1A3956D46DE8}") = "MementoPattern", "MementoPattern", "{E36B412B-7365-4974-9CD9-6F73575D49F6}"
EndProject
Project("{FAE04EC0-301F-11D3-BF4B-00C04F79EFBC}") = "ClassLibrary1", "ClassLibrary1\ClassLibrary1.csproj", "{75B3DF61-D349-4E3C-8A4A-E5D6DB4304FE}"
EndProject
Project("{FAE04EC0-301F-11D3-BF4B-00C04F79EFBC}") = "ConsoleTest", "ConsoleTest\ConsoleTest.csproj", "{29EC763A-2B11-47F9-B253-04A9D0F64C29}"
EndProject
Project("{2150E333-8FDC-42A3-9474-1A3956D46DE8}") = "SingletonPattern", "SingletonPattern", "{B7DD91C0-6A7F-419F-926F-9A2AD62561D7}"
EndProject
Project("{FAE04EC0-301F-11D3-BF4B-00C04F79EFBC}") = "ClassLibrary2", "ClassLibrary2\ClassLibrary2.csproj", "{84CB608C-2D8E-48CF-AB09-13D75436D749}"
EndProject
Project("{FAE04EC0-301F-11D3-BF4B-00C04F79EFBC}") = "ConsoleApplication1", "ConsoleApplication1\ConsoleApplication1.csproj", "{49EB82B0-DFA6-4363-8B49-02087F795A40}"
EndProject
Project("{2150E333-8FDC-42A3-9474-1A3956D46DE8}") = "SimpleFactory", "SimpleFactory", "{7CF4156A-4085-40BC-ACC3-A212B1803007}"
EndProject
Project("{FAE04EC0-301F-11D3-BF4B-00C04F79EFBC}") = "ClassLibrary3", "ClassLibrary3\ClassLibrary3.csproj", "{274C48F0-8D7C-47A5-BA10-71168EF57913}"
EndProject
Project("{FAE04EC0-301F-11D3-BF4B-00C04F79EFBC}") = "ConsoleApplication2", "ConsoleApplication2\ConsoleApplication2.csproj", "{269D8678-F666-48E9-AB92-D42127E77BCE}"
EndProject
Project("{2150E333-8FDC-42A3-9474-1A3956D46DE8}") = "AbstractFactory", "AbstractFactory", "{A1AEADE0-B684-4262-A90F-93BA3C75D805}"
EndProject
Project("{2150E333-8FDC-42A3-9474-1A3956D46DE8}") = "DesignPattern", "DesignPattern", "{BF65E9EB-9635-4E1F-A90D-8F446DDA5221}"
EndProject
Project("{FAE04EC0-301F-11D3-BF4B-00C04F79EFBC}") = "ClassLibrary4", "ClassLibrary4\ClassLibrary4.csproj", "{2D5282A0-B714-4CD6-87CD-A785F349BA5E}"
EndProject
Project("{FAE04EC0-301F-11D3-BF4B-00C04F79EFBC}") = "ConsoleApplication3", "ConsoleApplication3\ConsoleApplication3.csproj", "{2DFF1AAF-02C7-41BB-9DAD-DE25226138E3}"
EndProject
Global
	GlobalSection(SolutionConfigurationPlatforms) = preSolution
		Debug|Any CPU = Debug|Any CPU
		Release|Any CPU = Release|Any CPU
	EndGlobalSection
	GlobalSection(ProjectConfigurationPlatforms) = postSolution
		{75B3DF61-D349-4E3C-8A4A-E5D6DB4304FE}.Debug|Any CPU.ActiveCfg = Debug|Any CPU
		{75B3DF61-D349-4E3C-8A4A-E5D6DB4304FE}.Debug|Any CPU.Build.0 = Debug|Any CPU
		{75B3DF61-D349-4E3C-8A4A-E5D6DB4304FE}.Release|Any CPU.ActiveCfg = Release|Any CPU
		{75B3DF61-D349-4E3C-8A4A-E5D6DB4304FE}.Release|Any CPU.Build.0 = Release|Any CPU
		{29EC763A-2B11-47F9-B253-04A9D0F64C29}.Debug|Any CPU.ActiveCfg = Debug|Any CPU
		{29EC763A-2B11-47F9-B253-04A9D0F64C29}.Debug|Any CPU.Build.0 = Debug|Any CPU
		{29EC763A-2B11-47F9-B253-04A9D0F64C29}.Release|Any CPU.ActiveCfg = Release|Any CPU
		{29EC763A-2B11-47F9-B253-04A9D0F64C29}.Release|Any CPU.Build.0 = Release|Any CPU
		{84CB608C-2D8E-48CF-AB09-13D75436D749}.Debug|Any CPU.ActiveCfg = Debug|Any CPU
		{84CB608C-2D8E-48CF-AB09-13D75436D749}.Debug|Any CPU.Build.0 = Debug|Any CPU
		{84CB608C-2D8E-48CF-AB09-13D75436D749}.Release|Any CPU.ActiveCfg = Release|Any CPU
		{84CB608C-2D8E-48CF-AB09-13D75436D749}.Release|Any CPU.Build.0 = Release|Any CPU
		{49EB82B0-DFA6-4363-8B49-02087F795A40}.Debug|Any CPU.ActiveCfg = Debug|Any CPU
		{49EB82B0-DFA6-4363-8B49-02087F795A40}.Debug|Any CPU.Build.0 = Debug|Any CPU
		{49EB82B0-DFA6-4363-8B49-02087F795A40}.Release|Any CPU.ActiveCfg = Release|Any CPU
		{49EB82B0-DFA6-4363-8B49-02087F795A40}.Release|Any CPU.Build.0 = Release|Any CPU
		{274C48F0-8D7C-47A5-BA10-71168EF57913}.Debug|Any CPU.ActiveCfg = Debug|Any CPU
		{274C48F0-8D7C-47A5-BA10-71168EF57913}.Debug|Any CPU.Build.0 = Debug|Any CPU
		{274C48F0-8D7C-47A5-BA10-71168EF57913}.Release|Any CPU.ActiveCfg = Release|Any CPU
		{274C48F0-8D7C-47A5-BA10-71168EF57913}.Release|Any CPU.Build.0 = Release|Any CPU
		{269D8678-F666-48E9-AB92-D42127E77BCE}.Debug|Any CPU.ActiveCfg = Debug|Any CPU
		{269D8678-F666-48E9-AB92-D42127E77BCE}.Debug|Any CPU.Build.0 = Debug|Any CPU
		{269D8678-F666-48E9-AB92-D42127E77BCE}.Release|Any CPU.ActiveCfg = Release|Any CPU
		{269D8678-F666-48E9-AB92-D42127E77BCE}.Release|Any CPU.Build.0 = Release|Any CPU
		{2D5282A0-B714-4CD6-87CD-A785F349BA5E}.Debug|Any CPU.ActiveCfg = Debug|Any CPU
		{2D5282A0-B714-4CD6-87CD-A785F349BA5E}.Debug|Any CPU.Build.0 = Debug|Any CPU
		{2D5282A0-B714-4CD6-87CD-A785F349BA5E}.Release|Any CPU.ActiveCfg = Release|Any CPU
		{2D5282A0-B714-4CD6-87CD-A785F349BA5E}.Release|Any CPU.Build.0 = Release|Any CPU
		{2DFF1AAF-02C7-41BB-9DAD-DE25226138E3}.Debug|Any CPU.ActiveCfg = Debug|Any CPU
		{2DFF1AAF-02C7-41BB-9DAD-DE25226138E3}.Debug|Any CPU.Build.0 = Debug|Any CPU
		{2DFF1AAF-02C7-41BB-9DAD-DE25226138E3}.Release|Any CPU.ActiveCfg = Release|Any CPU
		{2DFF1AAF-02C7-41BB-9DAD-DE25226138E3}.Release|Any CPU.Build.0 = Release|Any CPU
	EndGlobalSection
	GlobalSection(SolutionProperties) = preSolution
		HideSolutionNode = FALSE
	EndGlobalSection
	GlobalSection(NestedProjects) = preSolution
		{E36B412B-7365-4974-9CD9-6F73575D49F6} = {BF65E9EB-9635-4E1F-A90D-8F446DDA5221}
		{75B3DF61-D349-4E3C-8A4A-E5D6DB4304FE} = {E36B412B-7365-4974-9CD9-6F73575D49F6}
		{29EC763A-2B11-47F9-B253-04A9D0F64C29} = {E36B412B-7365-4974-9CD9-6F73575D49F6}
		{B7DD91C0-6A7F-419F-926F-9A2AD62561D7} = {BF65E9EB-9635-4E1F-A90D-8F446DDA5221}
		{84CB608C-2D8E-48CF-AB09-13D75436D749} = {B7DD91C0-6A7F-419F-926F-9A2AD62561D7}
		{49EB82B0-DFA6-4363-8B49-02087F795A40} = {B7DD91C0-6A7F-419F-926F-9A2AD62561D7}
		{7CF4156A-4085-40BC-ACC3-A212B1803007} = {BF65E9EB-9635-4E1F-A90D-8F446DDA5221}
		{274C48F0-8D7C-47A5-BA10-71168EF57913} = {7CF4156A-4085-40BC-ACC3-A212B1803007}
		{269D8678-F666-48E9-AB92-D42127E77BCE} = {7CF4156A-4085-40BC-ACC3-A212B1803007}
		{A1AEADE0-B684-4262-A90F-93BA3C75D805} = {BF65E9EB-9635-4E1F-A90D-8F446DDA5221}
		{2D5282A0-B714-4CD6-87CD-A785F349BA5E} = {A1AEADE0-B684-4262-A90F-93BA3C75D805}
		{2DFF1AAF-02C7-41BB-9DAD-DE25226138E3} = {A1AEADE0-B684-4262-A90F-93BA3C75D805}
	EndGlobalSection
EndGlobal
